
Microsoft Visual Studio Solution File, Format Version 12.00
# Visual Studio Version 17
VisualStudioVersion = 17.8.34322.80
MinimumVisualStudioVersion = 10.0.40219.1
Project("{FAE04EC0-301F-11D3-BF4B-00C04F79EFBC}") = "BlueWaveCookingClub", "BlueWaveCookingClub\BlueWaveCookingClub.csproj", "{60F081ED-3F3A-4F03-B906-2355E2B4C083}"
EndProject
Global
	GlobalSection(SolutionConfigurationPlatforms) = preSolution
		Debug|Any CPU = Debug|Any CPU
		Release|Any CPU = Release|Any CPU
	EndGlobalSection
	GlobalSection(ProjectConfigurationPlatforms) = postSolution
		{60F081ED-3F3A-4F03-B906-2355E2B4C083}.Debug|Any CPU.ActiveCfg = Debug|Any CPU
		{60F081ED-3F3A-4F03-B906-2355E2B4C083}.Debug|Any CPU.Build.0 = Debug|Any CPU
		{60F081ED-3F3A-4F03-B906-2355E2B4C083}.Release|Any CPU.ActiveCfg = Release|Any CPU
		{60F081ED-3F3A-4F03-B906-2355E2B4C083}.Release|Any CPU.Build.0 = Release|Any CPU
	EndGlobalSection
	GlobalSection(SolutionProperties) = preSolution
		HideSolutionNode = FALSE
	EndGlobalSection
	GlobalSection(ExtensibilityGlobals) = postSolution
		SolutionGuid = {37167C72-F64F-4F65-822C-55B0C34D9521}
	EndGlobalSection
EndGlobal
